{
  "name": "office-gif-search",
  "version": "0.0.1",
  "lockfileVersion": 1,
  "requires": true,
  "dependencies": {
    "esm": {
      "version": "3.0.21",
      "resolved": "https://registry.npmjs.org/esm/-/esm-3.0.21.tgz",
      "integrity": "sha512-ewOT07Na+f64B/Nq2itaYNAbdAg8TWRK10LLe2A4VN3+4IdUCU26pqjasXyFwnakl7QN3q1qhYIDiXs2tzXE5w=="
    },
    "ffmpeg-static": {
      "version": "2.2.1",
      "resolved": "https://registry.npmjs.org/ffmpeg-static/-/ffmpeg-static-2.2.1.tgz",
      "integrity": "sha512-6gg18ZD4IsvrpvTYMaxNOH9L8oELGjV/HDcT9X/45EAQKDfNVdZEC4x4vhXWxp6YAMg9VFeRA+r0cGQCRQqRtA==",
      "dev": true
    },
    "fs-extra": {
      "version": "5.0.0",
      "resolved": "https://registry.npmjs.org/fs-extra/-/fs-extra-5.0.0.tgz",
      "integrity": "sha512-66Pm4RYbjzdyeuqudYqhFiNBbCIuI9kgRqLPSHIlXHidW8NIQtVdkM1yeZ4lXwuhbTETv3EUGMNHAAw6hiundQ==",
      "dev": true,
      "requires": {
        "graceful-fs": "4.1.11",
        "jsonfile": "4.0.0",
        "universalify": "0.1.1"
      }
    },
    "graceful-fs": {
      "version": "4.1.11",
      "resolved": "https://registry.npmjs.org/graceful-fs/-/graceful-fs-4.1.11.tgz",
      "integrity": "sha1-Dovf5NHduIVNZOBOp8AOKgJuVlg=",
      "dev": true
    },
    "imagemagick-cli": {
      "version": "0.1.3",
      "resolved": "https://registry.npmjs.org/imagemagick-cli/-/imagemagick-cli-0.1.3.tgz",
      "integrity": "sha512-rBiJMURNFsCRQGayoGetGWfxWK9Ici7V4CtoSmtSL1obn4jIyPpROUPZYGsMjKynh0BUas0aaq1vt0eR9hUR9w==",
      "dev": true
    },
    "jsonfile": {
      "version": "4.0.0",
      "resolved": "https://registry.npmjs.org/jsonfile/-/jsonfile-4.0.0.tgz",
      "integrity": "sha1-h3Gq4HmbZAdrdmQPygWPnBDjPss=",
      "dev": true,
      "requires": {
        "graceful-fs": "4.1.11"
      }
    },
    "klaw": {
      "version": "2.1.1",
      "resolved": "https://registry.npmjs.org/klaw/-/klaw-2.1.1.tgz",
      "integrity": "sha1-QrdolHARacyRD9DRnOZ3tfs3ivE=",
      "dev": true,
      "requires": {
        "graceful-fs": "4.1.11"
      }
    },
    "klaw-promise": {
      "version": "1.2.0",
      "resolved": "https://registry.npmjs.org/klaw-promise/-/klaw-promise-1.2.0.tgz",
      "integrity": "sha1-ECYZhL+QMY6P15h+uxHfUNTU+X0=",
      "dev": true,
      "requires": {
        "klaw": "2.1.1"
      }
    },
    "minimist": {
      "version": "1.2.0",
      "resolved": "https://registry.npmjs.org/minimist/-/minimist-1.2.0.tgz",
      "integrity": "sha1-o1AIsg9BOD7sH7kU9M1d95omQoQ=",
      "dev": true
    },
    "moment": {
      "version": "2.22.1",
      "resolved": "https://registry.npmjs.org/moment/-/moment-2.22.1.tgz",
      "integrity": "sha512-shJkRTSebXvsVqk56I+lkb2latjBs8I+pc2TzWc545y2iFnSjm7Wg0QMh+ZWcdSLQyGEau5jI8ocnmkyTgr9YQ==",
      "dev": true
    },
    "subtitles-parser": {
      "version": "0.0.2",
      "resolved": "https://registry.npmjs.org/subtitles-parser/-/subtitles-parser-0.0.2.tgz",
      "integrity": "sha1-zy/MPjl7HH+DHhNl9rPON9MVUZQ=",
      "dev": true
    },
    "universalify": {
      "version": "0.1.1",
      "resolved": "https://registry.npmjs.org/universalify/-/universalify-0.1.1.tgz",
      "integrity": "sha1-+nG63UQ3r0wUiEHjs7Fl+enlkLc=",
      "dev": true
    }
  }
}
